
Microsoft Visual Studio Solution File, Format Version 12.00
# Visual Studio Version 16
VisualStudioVersion = 16.0.30711.63
MinimumVisualStudioVersion = 10.0.40219.1
Project("{FAE04EC0-301F-11D3-BF4B-00C04F79EFBC}") = "GTFO.Custom.Rundown", "GTFO.Custom.Rundown.csproj", "{6DDCECDC-7843-42DF-85F6-5A503DE16F1E}"
EndProject
Global
	GlobalSection(SolutionConfigurationPlatforms) = preSolution
		Debug|Any CPU = Debug|Any CPU
		Release|Any CPU = Release|Any CPU
	EndGlobalSection
	GlobalSection(ProjectConfigurationPlatforms) = postSolution
		{6DDCECDC-7843-42DF-85F6-5A503DE16F1E}.Debug|Any CPU.ActiveCfg = Debug|Any CPU
		{6DDCECDC-7843-42DF-85F6-5A503DE16F1E}.Debug|Any CPU.Build.0 = Debug|Any CPU
		{6DDCECDC-7843-42DF-85F6-5A503DE16F1E}.Release|Any CPU.ActiveCfg = Release|Any CPU
		{6DDCECDC-7843-42DF-85F6-5A503DE16F1E}.Release|Any CPU.Build.0 = Release|Any CPU
	EndGlobalSection
	GlobalSection(SolutionProperties) = preSolution
		HideSolutionNode = FALSE
	EndGlobalSection
	GlobalSection(ExtensibilityGlobals) = postSolution
		SolutionGuid = {A2347FEA-EA18-473D-A23B-EE93F45FB6D8}
	EndGlobalSection
EndGlobal
